PODS:
  - Flutter (1.0.0)
  - flutter_geetest (0.0.1):
    - Flutter
    - GT3Captcha-iOS
  - GT3Captcha-iOS (0.13.6)

DEPENDENCIES:
  - Flutter (from `Flutter`)
  - flutter_geetest (from `.symlinks/plugins/flutter_geetest/ios`)

SPEC REPOS:
  trunk:
    - GT3Captcha-iOS

EXTERNAL SOURCES:
  Flutter:
    :path: Flutter
  flutter_geetest:
    :path: ".symlinks/plugins/flutter_geetest/ios"

SPEC CHECKSUMS:
  Flutter: 0e3d915762c693b495b44d77113d4970485de6ec
  flutter_geetest: 4ea65c38957598150f24b4a1abfa1234ce1befcb
  GT3Captcha-iOS: 271c81a3274dc6295a16d3df0e94b7f8048a240d

PODFILE CHECKSUM: f32fb4e7c14f8b3ca19a369d7be425dd9241af27

COCOAPODS: 1.9.3
